
Microsoft Visual Studio Solution File, Format Version 12.00
# Visual Studio Version 16
VisualStudioVersion = 16.0.30907.101
MinimumVisualStudioVersion = 10.0.40219.1
Project("{FAE04EC0-301F-11D3-BF4B-00C04F79EFBC}") = "ViewTransporteVeloso", "ViewTransporteVeloso.csproj", "{D127CCBB-2F73-4988-8CDF-DB30126A623E}"
EndProject
Global
	GlobalSection(SolutionConfigurationPlatforms) = preSolution
		Debug|Any CPU = Debug|Any CPU
		Release|Any CPU = Release|Any CPU
	EndGlobalSection
	GlobalSection(ProjectConfigurationPlatforms) = postSolution
		{D127CCBB-2F73-4988-8CDF-DB30126A623E}.Debug|Any CPU.ActiveCfg = Debug|Any CPU
		{D127CCBB-2F73-4988-8CDF-DB30126A623E}.Debug|Any CPU.Build.0 = Debug|Any CPU
		{D127CCBB-2F73-4988-8CDF-DB30126A623E}.Release|Any CPU.ActiveCfg = Release|Any CPU
		{D127CCBB-2F73-4988-8CDF-DB30126A623E}.Release|Any CPU.Build.0 = Release|Any CPU
	EndGlobalSection
	GlobalSection(SolutionProperties) = preSolution
		HideSolutionNode = FALSE
	EndGlobalSection
	GlobalSection(ExtensibilityGlobals) = postSolution
		SolutionGuid = {D4A5F513-344A-44BF-9792-7861A03A26C7}
	EndGlobalSection
EndGlobal
